
Microsoft Visual Studio Solution File, Format Version 12.00
# Visual Studio Version 16
VisualStudioVersion = 25.0.1705.5
MinimumVisualStudioVersion = 10.0.40219.1
Project("{FAE04EC0-301F-11D3-BF4B-00C04F79EFBC}") = "Advent.Ddd.Examples", "Advent.Ddd.Examples\Advent.Ddd.Examples.csproj", "{E80436BE-5C80-494D-BF5B-05F00432E9AF}"
EndProject
Global
	GlobalSection(SolutionConfigurationPlatforms) = preSolution
		Debug|Any CPU = Debug|Any CPU
		Release|Any CPU = Release|Any CPU
	EndGlobalSection
	GlobalSection(ProjectConfigurationPlatforms) = postSolution
		{E80436BE-5C80-494D-BF5B-05F00432E9AF}.Debug|Any CPU.ActiveCfg = Debug|Any CPU
		{E80436BE-5C80-494D-BF5B-05F00432E9AF}.Debug|Any CPU.Build.0 = Debug|Any CPU
		{E80436BE-5C80-494D-BF5B-05F00432E9AF}.Release|Any CPU.ActiveCfg = Release|Any CPU
		{E80436BE-5C80-494D-BF5B-05F00432E9AF}.Release|Any CPU.Build.0 = Release|Any CPU
	EndGlobalSection
	GlobalSection(SolutionProperties) = preSolution
		HideSolutionNode = FALSE
	EndGlobalSection
	GlobalSection(ExtensibilityGlobals) = postSolution
		SolutionGuid = {149D03FF-ABCD-43B9-84AC-02EC9CD1E80E}
	EndGlobalSection
EndGlobal
